
Microsoft Visual Studio Solution File, Format Version 12.00
# Visual Studio Version 16
VisualStudioVersion = 16.0.31129.286
MinimumVisualStudioVersion = 10.0.40219.1
Project("{FAE04EC0-301F-11D3-BF4B-00C04F79EFBC}") = "11.04 Ödev", "11.04 Ödev.csproj", "{4EA02D60-2F73-4508-B959-164A8F28503F}"
EndProject
Global
	GlobalSection(SolutionConfigurationPlatforms) = preSolution
		Debug|Any CPU = Debug|Any CPU
		Release|Any CPU = Release|Any CPU
	EndGlobalSection
	GlobalSection(ProjectConfigurationPlatforms) = postSolution
		{4EA02D60-2F73-4508-B959-164A8F28503F}.Debug|Any CPU.ActiveCfg = Debug|Any CPU
		{4EA02D60-2F73-4508-B959-164A8F28503F}.Debug|Any CPU.Build.0 = Debug|Any CPU
		{4EA02D60-2F73-4508-B959-164A8F28503F}.Release|Any CPU.ActiveCfg = Release|Any CPU
		{4EA02D60-2F73-4508-B959-164A8F28503F}.Release|Any CPU.Build.0 = Release|Any CPU
	EndGlobalSection
	GlobalSection(SolutionProperties) = preSolution
		HideSolutionNode = FALSE
	EndGlobalSection
	GlobalSection(ExtensibilityGlobals) = postSolution
		SolutionGuid = {5BC5D874-B941-4614-80AC-9A45DC7623DD}
	EndGlobalSection
EndGlobal
